// !$*UTF8*$!
{
	archiveVersion = 1;
	classes = {
	};
	objectVersion = 77;
	objects = {

/* Begin PBXContainerItemProxy section */
		62F436532D1CBB9300FD4CBA /* PBXContainerItemProxy */ = {
			isa = PBXContainerItemProxy;
			containerPortal = 62F436382D1CBB9300FD4CBA /* Project object */;
			proxyType = 1;
			remoteGlobalIDString = 62F4363F2D1CBB9300FD4CBA;
			remoteInfo = "Goal Tracker";
		};
		62F4365D2D1CBB9300FD4CBA /* PBXContainerItemProxy */ = {
			isa = PBXContainerItemProxy;
			containerPortal = 62F436382D1CBB9300FD4CBA /* Project object */;
			proxyType = 1;
			remoteGlobalIDString = 62F4363F2D1CBB9300FD4CBA;
			remoteInfo = "Goal Tracker";
		};
/* End PBXContainerItemProxy section */

/* Begin PBXFileReference section */
		62F436402D1CBB9300FD4CBA /* Goal Tracker.app */ = {isa = PBXFileReference; explicitFileType = wrapper.application; includeInIndex = 0; path = "Goal Tracker.app"; sourceTree = BUILT_PRODUCTS_DIR; };
		62F436522D1CBB9300FD4CBA /* Goal TrackerTests.xctest */ = {isa = PBXFileReference; explicitFileType = wrapper.cfbundle; includeInIndex = 0; path = "Goal TrackerTests.xctest"; sourceTree = BUILT_PRODUCTS_DIR; };
		62F4365C2D1CBB9300FD4CBA /* Goal TrackerUITests.xctest */ = {isa = PBXFileReference; explicitFileType = wrapper.cfbundle; includeInIndex = 0; path = "Goal TrackerUITests.xctest"; sourceTree = BUILT_PRODUCTS_DIR; };
/* End PBXFileReference section */

/* Begin PBXFileSystemSynchronizedRootGroup section */
		62F436422D1CBB9300FD4CBA /* Goal Tracker */ = {
			isa = PBXFileSystemSynchronizedRootGroup;
			path = "Goal Tracker";
			sourceTree = "<group>";
		};
		62F436552D1CBB9300FD4CBA /* Goal TrackerTests */ = {
			isa = PBXFileSystemSynchronizedRootGroup;
			path = "Goal TrackerTests";
			sourceTree = "<group>";
		};
		62F4365F2D1CBB9300FD4CBA /* Goal TrackerUITests */ = {
			isa = PBXFileSystemSynchronizedRootGroup;
			path = "Goal TrackerUITests";
			sourceTree = "<group>";
		};
/* End PBXFileSystemSynchronizedRootGroup section */

/* Begin PBXFrameworksBuildPhase section */
		62F4363D2D1CBB9300FD4CBA /* Frameworks */ = {
			isa = PBXFrameworksBuildPhase;
			buildActionMask = 2147483647;
			files = (
			);
			runOnlyForDeploymentPostprocessing = 0;
		};
		62F4364F2D1CBB9300FD4CBA /* Frameworks */ = {
			isa = PBXFrameworksBuildPhase;
			buildActionMask = 2147483647;
			files = (
			);
			runOnlyForDeploymentPostprocessing = 0;
		};
		62F436592D1CBB9300FD4CBA /* Frameworks */ = {
			isa = PBXFrameworksBuildPhase;
			buildActionMask = 2147483647;
			files = (
			);
			runOnlyForDeploymentPostprocessing = 0;
		};
/* End PBXFrameworksBuildPhase section */

/* Begin PBXGroup section */
		62F436372D1CBB9300FD4CBA = {
			isa = PBXGroup;
			children = (
				62F436422D1CBB9300FD4CBA /* Goal Tracker */,
				62F436552D1CBB9300FD4CBA /* Goal TrackerTests */,
				62F4365F2D1CBB9300FD4CBA /* Goal TrackerUITests */,
				62F436412D1CBB9300FD4CBA /* Products */,
			);
			sourceTree = "<group>";
		};
		62F436412D1CBB9300FD4CBA /* Products */ = {
			isa = PBXGroup;
			children = (
				62F436402D1CBB9300FD4CBA /* Goal Tracker.app */,
				62F436522D1CBB9300FD4CBA /* Goal TrackerTests.xctest */,
				62F4365C2D1CBB9300FD4CBA /* Goal TrackerUITests.xctest */,
			);
			name = Products;
			sourceTree = "<group>";
		};
/* End PBXGroup section */

/* Begin PBXNativeTarget section */
		62F4363F2D1CBB9300FD4CBA /* Goal Tracker */ = {
			isa = PBXNativeTarget;
			buildConfigurationList = 62F436662D1CBB9300FD4CBA /* Build configuration list for PBXNativeTarget "Goal Tracker" */;
			buildPhases = (
				62F4363C2D1CBB9300FD4CBA /* Sources */,
				62F4363D2D1CBB9300FD4CBA /* Frameworks */,
				62F4363E2D1CBB9300FD4CBA /* Resources */,
			);
			buildRules = (
			);
			dependencies = (
			);
			fileSystemSynchronizedGroups = (
				62F436422D1CBB9300FD4CBA /* Goal Tracker */,
			);
			name = "Goal Tracker";
			packageProductDependencies = (
			);
			productName = "Goal Tracker";
			productReference = 62F436402D1CBB9300FD4CBA /* Goal Tracker.app */;
			productType = "com.apple.product-type.application";
		};
		62F436512D1CBB9300FD4CBA /* Goal TrackerTests */ = {
			isa = PBXNativeTarget;
			buildConfigurationList = 62F436692D1CBB9300FD4CBA /* Build configuration list for PBXNativeTarget "Goal TrackerTests" */;
			buildPhases = (
				62F4364E2D1CBB9300FD4CBA /* Sources */,
				62F4364F2D1CBB9300FD4CBA /* Frameworks */,
				62F436502D1CBB9300FD4CBA /* Resources */,
			);
			buildRules = (
			);
			dependencies = (
				62F436542D1CBB9300FD4CBA /* PBXTargetDependency */,
			);
			fileSystemSynchronizedGroups = (
				62F436552D1CBB9300FD4CBA /* Goal TrackerTests */,
			);
			name = "Goal TrackerTests";
			packageProductDependencies = (
			);
			productName = "Goal TrackerTests";
			productReference = 62F436522D1CBB9300FD4CBA /* Goal TrackerTests.xctest */;
			productType = "com.apple.product-type.bundle.unit-test";
		};
		62F4365B2D1CBB9300FD4CBA /* Goal TrackerUITests */ = {
			isa = PBXNativeTarget;
			buildConfigurationList = 62F4366C2D1CBB9300FD4CBA /* Build configuration list for PBXNativeTarget "Goal TrackerUITests" */;
			buildPhases = (
				62F436582D1CBB9300FD4CBA /* Sources */,
				62F436592D1CBB9300FD4CBA /* Frameworks */,
				62F4365A2D1CBB9300FD4CBA /* Resources */,
			);
			buildRules = (
			);
			dependencies = (
				62F4365E2D1CBB9300FD4CBA /* PBXTargetDependency */,
			);
			fileSystemSynchronizedGroups = (
				62F4365F2D1CBB9300FD4CBA /* Goal TrackerUITests */,
			);
			name = "Goal TrackerUITests";
			packageProductDependencies = (
			);
			productName = "Goal TrackerUITests";
			productReference = 62F4365C2D1CBB9300FD4CBA /* Goal TrackerUITests.xctest */;
			productType = "com.apple.product-type.bundle.ui-testing";
		};
/* End PBXNativeTarget section */

/* Begin PBXProject section */
		62F436382D1CBB9300FD4CBA /* Project object */ = {
			isa = PBXProject;
			attributes = {
				BuildIndependentTargetsInParallel = 1;
				LastSwiftUpdateCheck = 1620;
				LastUpgradeCheck = 1620;
				TargetAttributes = {
					62F4363F2D1CBB9300FD4CBA = {
						CreatedOnToolsVersion = 16.2;
					};
					62F436512D1CBB9300FD4CBA = {
						CreatedOnToolsVersion = 16.2;
						TestTargetID = 62F4363F2D1CBB9300FD4CBA;
					};
					62F4365B2D1CBB9300FD4CBA = {
						CreatedOnToolsVersion = 16.2;
						TestTargetID = 62F4363F2D1CBB9300FD4CBA;
					};
				};
			};
			buildConfigurationList = 62F4363B2D1CBB9300FD4CBA /* Build configuration list for PBXProject "Goal Tracker" */;
			developmentRegion = en;
			hasScannedForEncodings = 0;
			knownRegions = (
				en,
				Base,
			);
			mainGroup = 62F436372D1CBB9300FD4CBA;
			minimizedProjectReferenceProxies = 1;
			preferredProjectObjectVersion = 77;
			productRefGroup = 62F436412D1CBB9300FD4CBA /* Products */;
			projectDirPath = "";
			projectRoot = "";
			targets = (
				62F4363F2D1CBB9300FD4CBA /* Goal Tracker */,
				62F436512D1CBB9300FD4CBA /* Goal TrackerTests */,
				62F4365B2D1CBB9300FD4CBA /* Goal TrackerUITests */,
			);
		};
/* End PBXProject section */

/* Begin PBXResourcesBuildPhase section */
		62F4363E2D1CBB9300FD4CBA /* Resources */ = {
			isa = PBXResourcesBuildPhase;
			buildActionMask = 2147483647;
			files = (
			);
			runOnlyForDeploymentPostprocessing = 0;
		};
		62F436502D1CBB9300FD4CBA /* Resources */ = {
			isa = PBXResourcesBuildPhase;
			buildActionMask = 2147483647;
			files = (
			);
			runOnlyForDeploymentPostprocessing = 0;
		};
		62F4365A2D1CBB9300FD4CBA /* Resources */ = {
			isa = PBXResourcesBuildPhase;
			buildActionMask = 2147483647;
			files = (
			);
			runOnlyForDeploymentPostprocessing = 0;
		};
/* End PBXResourcesBuildPhase section */

/* Begin PBXSourcesBuildPhase section */
		62F4363C2D1CBB9300FD4CBA /* Sources */ = {
			isa = PBXSourcesBuildPhase;
			buildActionMask = 2147483647;
			files = (
			);
			runOnlyForDeploymentPostprocessing = 0;
		};
		62F4364E2D1CBB9300FD4CBA /* Sources */ = {
			isa = PBXSourcesBuildPhase;
			buildActionMask = 2147483647;
			files = (
			);
			runOnlyForDeploymentPostprocessing = 0;
		};
		62F436582D1CBB9300FD4CBA /* Sources */ = {
			isa = PBXSourcesBuildPhase;
			buildActionMask = 2147483647;
			files = (
			);
			runOnlyForDeploymentPostprocessing = 0;
		};
/* End PBXSourcesBuildPhase section */

/* Begin PBXTargetDependency section */
		62F436542D1CBB9300FD4CBA /* PBXTargetDependency */ = {
			isa = PBXTargetDependency;
			target = 62F4363F2D1CBB9300FD4CBA /* Goal Tracker */;
			targetProxy = 62F436532D1CBB9300FD4CBA /* PBXContainerItemProxy */;
		};
		62F4365E2D1CBB9300FD4CBA /* PBXTargetDependency */ = {
			isa = PBXTargetDependency;
			target = 62F4363F2D1CBB9300FD4CBA /* Goal Tracker */;
			targetProxy = 62F4365D2D1CBB9300FD4CBA /* PBXContainerItemProxy */;
		};
/* End PBXTargetDependency section */

/* Begin XCBuildConfiguration section */
		62F436642D1CBB9300FD4CBA /* Debug */ = {
			isa = XCBuildConfiguration;
			buildSettings = {
				ALWAYS_SEARCH_USER_PATHS = NO;
				ASSETCATALOG_COMPILER_GENERATE_SWIFT_ASSET_SYMBOL_EXTENSIONS = YES;
				CLANG_ANALYZER_NONNULL = YES;
				CLANG_ANALYZER_NUMBER_OBJECT_CONVERSION = YES_AGGRESSIVE;
				CLANG_CXX_LANGUAGE_STANDARD = "gnu++20";
				CLANG_ENABLE_MODULES = YES;
				CLANG_ENABLE_OBJC_ARC = YES;
				CLANG_ENABLE_OBJC_WEAK = YES;
				CLANG_WARN_BLOCK_CAPTURE_AUTORELEASING = YES;
				CLANG_WARN_BOOL_CONVERSION = YES;
				CLANG_WARN_COMMA = YES;
				CLANG_WARN_CONSTANT_CONVERSION = YES;
				CLANG_WARN_DEPRECATED_OBJC_IMPLEMENTATIONS = YES;
				CLANG_WARN_DIRECT_OBJC_ISA_USAGE = YES_ERROR;
				CLANG_WARN_DOCUMENTATION_COMMENTS = YES;
				CLANG_WARN_EMPTY_BODY = YES;
				CLANG_WARN_ENUM_CONVERSION = YES;
				CLANG_WARN_INFINITE_RECURSION = YES;
				CLANG_WARN_INT_CONVERSION = YES;
				CLANG_WARN_NON_LITERAL_NULL_CONVERSION = YES;
				CLANG_WARN_OBJC_IMPLICIT_RETAIN_SELF = YES;
				CLANG_WARN_OBJC_LITERAL_CONVERSION = YES;
				CLANG_WARN_OBJC_ROOT_CLASS = YES_ERROR;
				CLANG_WARN_QUOTED_INCLUDE_IN_FRAMEWORK_HEADER = YES;
				CLANG_WARN_RANGE_LOOP_ANALYSIS = YES;
				CLANG_WARN_STRICT_PROTOTYPES = YES;
				CLANG_WARN_SUSPICIOUS_MOVE = YES;
				CLANG_WARN_UNGUARDED_AVAILABILITY = YES_AGGRESSIVE;
				CLANG_WARN_UNREACHABLE_CODE = YES;
				CLANG_WARN__DUPLICATE_METHOD_MATCH = YES;
				COPY_PHASE_STRIP = NO;
				DEBUG_INFORMATION_FORMAT = dwarf;
				ENABLE_STRICT_OBJC_MSGSEND = YES;
				ENABLE_TESTABILITY = YES;
				ENABLE_USER_SCRIPT_SANDBOXING = YES;
				GCC_C_LANGUAGE_STANDARD = gnu17;
				GCC_DYNAMIC_NO_PIC = NO;
				GCC_NO_COMMON_BLOCKS = YES;
				GCC_OPTIMIZATION_LEVEL = 0;
				GCC_PREPROCESSOR_DEFINITIONS = (
					"DEBUG=1",
					"$(inherited)",
				);
				GCC_WARN_64_TO_32_BIT_CONVERSION = YES;
				GCC_WARN_ABOUT_RETURN_TYPE = YES_ERROR;
				GCC_WARN_UNDECLARED_SELECTOR = YES;
				GCC_WARN_UNINITIALIZED_AUTOS = YES_AGGRESSIVE;
				GCC_WARN_UNUSED_FUNCTION = YES;
				GCC_WARN_UNUSED_VARIABLE = YES;
				IPHONEOS_DEPLOYMENT_TARGET = 18.2;
				LOCALIZATION_PREFERS_STRING_CATALOGS = YES;
				MTL_ENABLE_DEBUG_INFO = INCLUDE_SOURCE;
				MTL_FAST_MATH = YES;
				ONLY_ACTIVE_ARCH = YES;
				SDKROOT = iphoneos;
				SWIFT_ACTIVE_COMPILATION_CONDITIONS = "DEBUG $(inherited)";
				SWIFT_OPTIMIZATION_LEVEL = "-Onone";
			};
			name = Debug;
		};
		62F436652D1CBB9300FD4CBA /* Release */ = {
			isa = XCBuildConfiguration;
			buildSettings = {
				ALWAYS_SEARCH_USER_PATHS = NO;
				ASSETCATALOG_COMPILER_GENERATE_SWIFT_ASSET_SYMBOL_EXTENSIONS = YES;
				CLANG_ANALYZER_NONNULL = YES;
				CLANG_ANALYZER_NUMBER_OBJECT_CONVERSION = YES_AGGRESSIVE;
				CLANG_CXX_LANGUAGE_STANDARD = "gnu++20";
				CLANG_ENABLE_MODULES = YES;
				CLANG_ENABLE_OBJC_ARC = YES;
				CLANG_ENABLE_OBJC_WEAK = YES;
				CLANG_WARN_BLOCK_CAPTURE_AUTORELEASING = YES;
				CLANG_WARN_BOOL_CONVERSION = YES;
				CLANG_WARN_COMMA = YES;
				CLANG_WARN_CONSTANT_CONVERSION = YES;
				CLANG_WARN_DEPRECATED_OBJC_IMPLEMENTATIONS = YES;
				CLANG_WARN_DIRECT_OBJC_ISA_USAGE = YES_ERROR;
				CLANG_WARN_DOCUMENTATION_COMMENTS = YES;
				CLANG_WARN_EMPTY_BODY = YES;
				CLANG_WARN_ENUM_CONVERSION = YES;
				CLANG_WARN_INFINITE_RECURSION = YES;
				CLANG_WARN_INT_CONVERSION = YES;
				CLANG_WARN_NON_LITERAL_NULL_CONVERSION = YES;
				CLANG_WARN_OBJC_IMPLICIT_RETAIN_SELF = YES;
				CLANG_WARN_OBJC_LITERAL_CONVERSION = YES;
				CLANG_WARN_OBJC_ROOT_CLASS = YES_ERROR;
				CLANG_WARN_QUOTED_INCLUDE_IN_FRAMEWORK_HEADER = YES;
				CLANG_WARN_RANGE_LOOP_ANALYSIS = YES;
				CLANG_WARN_STRICT_PROTOTYPES = YES;
				CLANG_WARN_SUSPICIOUS_MOVE = YES;
				CLANG_WARN_UNGUARDED_AVAILABILITY = YES_AGGRESSIVE;
				CLANG_WARN_UNREACHABLE_CODE = YES;
				CLANG_WARN__DUPLICATE_METHOD_MATCH = YES;
				COPY_PHASE_STRIP = NO;
				DEBUG_INFORMATION_FORMAT = "dwarf-with-dsym";
				ENABLE_NS_ASSERTIONS = NO;
				ENABLE_STRICT_OBJC_MSGSEND = YES;
				ENABLE_USER_SCRIPT_SANDBOXING = YES;
				GCC_C_LANGUAGE_STANDARD = gnu17;
				GCC_NO_COMMON_BLOCKS = YES;
				GCC_WARN_64_TO_32_BIT_CONVERSION = YES;
				GCC_WARN_ABOUT_RETURN_TYPE = YES_ERROR;
				GCC_WARN_UNDECLARED_SELECTOR = YES;
				GCC_WARN_UNINITIALIZED_AUTOS = YES_AGGRESSIVE;
				GCC_WARN_UNUSED_FUNCTION = YES;
				GCC_WARN_UNUSED_VARIABLE = YES;
				IPHONEOS_DEPLOYMENT_TARGET = 18.2;
				LOCALIZATION_PREFERS_STRING_CATALOGS = YES;
				MTL_ENABLE_DEBUG_INFO = NO;
				MTL_FAST_MATH = YES;
				SDKROOT = iphoneos;
				SWIFT_COMPILATION_MODE = wholemodule;
				VALIDATE_PRODUCT = YES;
			};
			name = Release;
		};
		62F436672D1CBB9300FD4CBA /* Debug */ = {
			isa = XCBuildConfiguration;
			buildSettings = {
				ASSETCATALOG_COMPILER_APPICON_NAME = AppIcon;
				ASSETCATALOG_COMPILER_GLOBAL_ACCENT_COLOR_NAME = AccentColor;
				CODE_SIGN_STYLE = Automatic;
				CURRENT_PROJECT_VERSION = 1;
				DEVELOPMENT_ASSET_PATHS = "\"Goal Tracker/Preview Content\"";
				ENABLE_PREVIEWS = YES;
				GENERATE_INFOPLIST_FILE = YES;
				INFOPLIST_KEY_UIApplicationSceneManifest_Generation = YES;
				INFOPLIST_KEY_UIApplicationSupportsIndirectInputEvents = YES;
				INFOPLIST_KEY_UILaunchScreen_Generation = YES;
				INFOPLIST_KEY_UISupportedInterfaceOrientations = UIInterfaceOrientationPortrait;
				LD_RUNPATH_SEARCH_PATHS = (
					"$(inherited)",
					"@executable_path/Frameworks",
				);
				MARKETING_VERSION = 1.0;
				PRODUCT_BUNDLE_IDENTIFIER = "IridescentSoftware.com.Goal-Tracker";
				PRODUCT_NAME = "$(TARGET_NAME)";
				SWIFT_EMIT_LOC_STRINGS = YES;
				SWIFT_VERSION = 5.0;
				TARGETED_DEVICE_FAMILY = "1,2";
			};
			name = Debug;
		};
		62F436682D1CBB9300FD4CBA /* Release */ = {
			isa = XCBuildConfiguration;
			buildSettings = {
				ASSETCATALOG_COMPILER_APPICON_NAME = AppIcon;
				ASSETCATALOG_COMPILER_GLOBAL_ACCENT_COLOR_NAME = AccentColor;
				CODE_SIGN_STYLE = Automatic;
				CURRENT_PROJECT_VERSION = 1;
				DEVELOPMENT_ASSET_PATHS = "\"Goal Tracker/Preview Content\"";
				ENABLE_PREVIEWS = YES;
				GENERATE_INFOPLIST_FILE = YES;
				INFOPLIST_KEY_UIApplicationSceneManifest_Generation = YES;
				INFOPLIST_KEY_UIApplicationSupportsIndirectInputEvents = YES;
				INFOPLIST_KEY_UILaunchScreen_Generation = YES;
				INFOPLIST_KEY_UISupportedInterfaceOrientations = UIInterfaceOrientationPortrait;
				LD_RUNPATH_SEARCH_PATHS = (
					"$(inherited)",
					"@executable_path/Frameworks",
				);
				MARKETING_VERSION = 1.0;
				PRODUCT_BUNDLE_IDENTIFIER = "IridescentSoftware.com.Goal-Tracker";
				PRODUCT_NAME = "$(TARGET_NAME)";
				SWIFT_EMIT_LOC_STRINGS = YES;
				SWIFT_VERSION = 5.0;
				TARGETED_DEVICE_FAMILY = "1,2";
			};
			name = Release;
		};
		62F4366A2D1CBB9300FD4CBA /* Debug */ = {
			isa = XCBuildConfiguration;
			buildSettings = {
				BUNDLE_LOADER = "$(TEST_HOST)";
				CODE_SIGN_STYLE = Automatic;
				CURRENT_PROJECT_VERSION = 1;
				GENERATE_INFOPLIST_FILE = YES;
				IPHONEOS_DEPLOYMENT_TARGET = 18.2;
				MARKETING_VERSION = 1.0;
				PRODUCT_BUNDLE_IDENTIFIER = "IridescentSoftware.com.Goal-TrackerTests";
				PRODUCT_NAME = "$(TARGET_NAME)";
				SWIFT_EMIT_LOC_STRINGS = NO;
				SWIFT_VERSION = 5.0;
				TARGETED_DEVICE_FAMILY = "1,2";
				TEST_HOST = "$(BUILT_PRODUCTS_DIR)/Goal Tracker.app/$(BUNDLE_EXECUTABLE_FOLDER_PATH)/Goal Tracker";
			};
			name = Debug;
		};
		62F4366B2D1CBB9300FD4CBA /* Release */ = {
			isa = XCBuildConfiguration;
			buildSettings = {
				BUNDLE_LOADER = "$(TEST_HOST)";
				CODE_SIGN_STYLE = Automatic;
				CURRENT_PROJECT_VERSION = 1;
				GENERATE_INFOPLIST_FILE = YES;
				IPHONEOS_DEPLOYMENT_TARGET = 18.2;
				MARKETING_VERSION = 1.0;
				PRODUCT_BUNDLE_IDENTIFIER = "IridescentSoftware.com.Goal-TrackerTests";
				PRODUCT_NAME = "$(TARGET_NAME)";
				SWIFT_EMIT_LOC_STRINGS = NO;
				SWIFT_VERSION = 5.0;
				TARGETED_DEVICE_FAMILY = "1,2";
				TEST_HOST = "$(BUILT_PRODUCTS_DIR)/Goal Tracker.app/$(BUNDLE_EXECUTABLE_FOLDER_PATH)/Goal Tracker";
			};
			name = Release;
		};
		62F4366D2D1CBB9300FD4CBA /* Debug */ = {
			isa = XCBuildConfiguration;
			buildSettings = {
				CODE_SIGN_STYLE = Automatic;
				CURRENT_PROJECT_VERSION = 1;
				GENERATE_INFOPLIST_FILE = YES;
				MARKETING_VERSION = 1.0;
				PRODUCT_BUNDLE_IDENTIFIER = "IridescentSoftware.com.Goal-TrackerUITests";
				PRODUCT_NAME = "$(TARGET_NAME)";
				SWIFT_EMIT_LOC_STRINGS = NO;
				SWIFT_VERSION = 5.0;
				TARGETED_DEVICE_FAMILY = "1,2";
				TEST_TARGET_NAME = "Goal Tracker";
			};
			name = Debug;
		};
		62F4366E2D1CBB9300FD4CBA /* Release */ = {
			isa = XCBuildConfiguration;
			buildSettings = {
				CODE_SIGN_STYLE = Automatic;
				CURRENT_PROJECT_VERSION = 1;
				GENERATE_INFOPLIST_FILE = YES;
				MARKETING_VERSION = 1.0;
				PRODUCT_BUNDLE_IDENTIFIER = "IridescentSoftware.com.Goal-TrackerUITests";
				PRODUCT_NAME = "$(TARGET_NAME)";
				SWIFT_EMIT_LOC_STRINGS = NO;
				SWIFT_VERSION = 5.0;
				TARGETED_DEVICE_FAMILY = "1,2";
				TEST_TARGET_NAME = "Goal Tracker";
			};
			name = Release;
		};
/* End XCBuildConfiguration section */

/* Begin XCConfigurationList section */
		62F4363B2D1CBB9300FD4CBA /* Build configuration list for PBXProject "Goal Tracker" */ = {
			isa = XCConfigurationList;
			buildConfigurations = (
				62F436642D1CBB9300FD4CBA /* Debug */,
				62F436652D1CBB9300FD4CBA /* Release */,
			);
			defaultConfigurationIsVisible = 0;
			defaultConfigurationName = Release;
		};
		62F436662D1CBB9300FD4CBA /* Build configuration list for PBXNativeTarget "Goal Tracker" */ = {
			isa = XCConfigurationList;
			buildConfigurations = (
				62F436672D1CBB9300FD4CBA /* Debug */,
				62F436682D1CBB9300FD4CBA /* Release */,
			);
			defaultConfigurationIsVisible = 0;
			defaultConfigurationName = Release;
		};
		62F436692D1CBB9300FD4CBA /* Build configuration list for PBXNativeTarget "Goal TrackerTests" */ = {
			isa = XCConfigurationList;
			buildConfigurations = (
				62F4366A2D1CBB9300FD4CBA /* Debug */,
				62F4366B2D1CBB9300FD4CBA /* Release */,
			);
			defaultConfigurationIsVisible = 0;
			defaultConfigurationName = Release;
		};
		62F4366C2D1CBB9300FD4CBA /* Build configuration list for PBXNativeTarget "Goal TrackerUITests" */ = {
			isa = XCConfigurationList;
			buildConfigurations = (
				62F4366D2D1CBB9300FD4CBA /* Debug */,
				62F4366E2D1CBB9300FD4CBA /* Release */,
			);
			defaultConfigurationIsVisible = 0;
			defaultConfigurationName = Release;
		};
/* End XCConfigurationList section */
	};
	rootObject = 62F436382D1CBB9300FD4CBA /* Project object */;
}
